
Microsoft Visual Studio Solution File, Format Version 12.00
# Visual Studio Version 16
VisualStudioVersion = 16.0.32228.343
MinimumVisualStudioVersion = 10.0.40219.1
Project("{FAE04EC0-301F-11D3-BF4B-00C04F79EFBC}") = "BusinessPaymentsWebApp", "BusinessPaymentsWebApp\BusinessPaymentsWebApp.csproj", "{8AA00554-BD0F-4E9A-AC80-07F8913EF31C}"
EndProject
Global
	GlobalSection(SolutionConfigurationPlatforms) = preSolution
		Debug|Any CPU = Debug|Any CPU
		Release|Any CPU = Release|Any CPU
	EndGlobalSection
	GlobalSection(ProjectConfigurationPlatforms) = postSolution
		{8AA00554-BD0F-4E9A-AC80-07F8913EF31C}.Debug|Any CPU.ActiveCfg = Debug|Any CPU
		{8AA00554-BD0F-4E9A-AC80-07F8913EF31C}.Debug|Any CPU.Build.0 = Debug|Any CPU
		{8AA00554-BD0F-4E9A-AC80-07F8913EF31C}.Release|Any CPU.ActiveCfg = Release|Any CPU
		{8AA00554-BD0F-4E9A-AC80-07F8913EF31C}.Release|Any CPU.Build.0 = Release|Any CPU
	EndGlobalSection
	GlobalSection(SolutionProperties) = preSolution
		HideSolutionNode = FALSE
	EndGlobalSection
	GlobalSection(ExtensibilityGlobals) = postSolution
		SolutionGuid = {416F9E4D-B736-4C61-994A-EEE035916C94}
	EndGlobalSection
EndGlobal
